
Microsoft Visual Studio Solution File, Format Version 12.00
# Visual Studio Version 17
VisualStudioVersion = 17.9.34723.18
MinimumVisualStudioVersion = 10.0.40219.1
Project("{9A19103F-16F7-4668-BE54-9A1E7A4F7556}") = "Altivix.Web", "Altivix.Web\Altivix.Web.csproj", "{A2D5BD73-B189-4966-A63F-C9C61FA88D04}"
EndProject
Project("{9A19103F-16F7-4668-BE54-9A1E7A4F7556}") = "Altivix.Entities", "Altivix.Entities\Altivix.Entities.csproj", "{F133A583-2926-43BF-ADDD-2F005C8470BB}"
EndProject
Project("{9A19103F-16F7-4668-BE54-9A1E7A4F7556}") = "Altivix.Db", "Altivix.Db\Altivix.Db.csproj", "{C74827A7-3CB0-47A0-868D-6E39D265B46F}"
EndProject
Project("{FAE04EC0-301F-11D3-BF4B-00C04F79EFBC}") = "Altivix.Services", "Altivix.Services\Altivix.Services.csproj", "{642790C6-4A5A-4F37-A240-B70E106F4837}"
EndProject
Global
	GlobalSection(SolutionConfigurationPlatforms) = preSolution
		Debug|Any CPU = Debug|Any CPU
		Release|Any CPU = Release|Any CPU
	EndGlobalSection
	GlobalSection(ProjectConfigurationPlatforms) = postSolution
		{A2D5BD73-B189-4966-A63F-C9C61FA88D04}.Debug|Any CPU.ActiveCfg = Debug|Any CPU
		{A2D5BD73-B189-4966-A63F-C9C61FA88D04}.Debug|Any CPU.Build.0 = Debug|Any CPU
		{A2D5BD73-B189-4966-A63F-C9C61FA88D04}.Release|Any CPU.ActiveCfg = Release|Any CPU
		{A2D5BD73-B189-4966-A63F-C9C61FA88D04}.Release|Any CPU.Build.0 = Release|Any CPU
		{F133A583-2926-43BF-ADDD-2F005C8470BB}.Debug|Any CPU.ActiveCfg = Debug|Any CPU
		{F133A583-2926-43BF-ADDD-2F005C8470BB}.Debug|Any CPU.Build.0 = Debug|Any CPU
		{F133A583-2926-43BF-ADDD-2F005C8470BB}.Release|Any CPU.ActiveCfg = Release|Any CPU
		{F133A583-2926-43BF-ADDD-2F005C8470BB}.Release|Any CPU.Build.0 = Release|Any CPU
		{C74827A7-3CB0-47A0-868D-6E39D265B46F}.Debug|Any CPU.ActiveCfg = Debug|Any CPU
		{C74827A7-3CB0-47A0-868D-6E39D265B46F}.Debug|Any CPU.Build.0 = Debug|Any CPU
		{C74827A7-3CB0-47A0-868D-6E39D265B46F}.Release|Any CPU.ActiveCfg = Release|Any CPU
		{C74827A7-3CB0-47A0-868D-6E39D265B46F}.Release|Any CPU.Build.0 = Release|Any CPU
		{642790C6-4A5A-4F37-A240-B70E106F4837}.Debug|Any CPU.ActiveCfg = Debug|Any CPU
		{642790C6-4A5A-4F37-A240-B70E106F4837}.Debug|Any CPU.Build.0 = Debug|Any CPU
		{642790C6-4A5A-4F37-A240-B70E106F4837}.Release|Any CPU.ActiveCfg = Release|Any CPU
		{642790C6-4A5A-4F37-A240-B70E106F4837}.Release|Any CPU.Build.0 = Release|Any CPU
	EndGlobalSection
	GlobalSection(SolutionProperties) = preSolution
		HideSolutionNode = FALSE
	EndGlobalSection
	GlobalSection(ExtensibilityGlobals) = postSolution
		SolutionGuid = {28FCEA19-5C25-4A13-803E-D8586496FDAD}
	EndGlobalSection
EndGlobal
